
Microsoft Visual Studio Solution File, Format Version 12.00
# Visual Studio Version 17
VisualStudioVersion = 17.12.35527.113
MinimumVisualStudioVersion = 10.0.40219.1
Project("{FAE04EC0-301F-11D3-BF4B-00C04F79EFBC}") = "RetoStore.Api", "src\RetoStore.Api\RetoStore.Api.csproj", "{6E51C2D8-277B-40B9-8BEE-31168DB965C8}"
EndProject
Project("{FAE04EC0-301F-11D3-BF4B-00C04F79EFBC}") = "RetoStore.Entities", "src\RetoStore.Entities\RetoStore.Entities.csproj", "{4A844FBA-7BFC-4038-982B-7FBE1E48461E}"
EndProject
Project("{FAE04EC0-301F-11D3-BF4B-00C04F79EFBC}") = "RetoStore.Repositories", "src\RetoStore.Repositories\RetoStore.Repositories.csproj", "{207ADE6A-2718-4179-ADED-3BA617C30F8D}"
EndProject
Project("{FAE04EC0-301F-11D3-BF4B-00C04F79EFBC}") = "RetoStore.Persistence", "src\RetoStore.Persistence\RetoStore.Persistence.csproj", "{C786A02A-9DB6-4858-A445-749B8EE46AAC}"
EndProject
Project("{FAE04EC0-301F-11D3-BF4B-00C04F79EFBC}") = "RetoStore.Dto", "src\RetoStore.Dto\RetoStore.Dto.csproj", "{9C0337FF-4ACA-4148-BC2D-0B7D68204BD3}"
EndProject
Project("{FAE04EC0-301F-11D3-BF4B-00C04F79EFBC}") = "RetoStore.Services", "src\RetoStore.Services\RetoStore.Services.csproj", "{15859152-99A6-49C9-A086-F0C0537E8995}"
EndProject
Project("{2150E333-8FDC-42A3-9474-1A3956D46DE8}") = "src", "src", "{0CD6B126-F0B3-4354-ABD9-7951C86AF91C}"
EndProject
Global
	GlobalSection(SolutionConfigurationPlatforms) = preSolution
		Debug|Any CPU = Debug|Any CPU
		Release|Any CPU = Release|Any CPU
	EndGlobalSection
	GlobalSection(ProjectConfigurationPlatforms) = postSolution
		{6E51C2D8-277B-40B9-8BEE-31168DB965C8}.Debug|Any CPU.ActiveCfg = Debug|Any CPU
		{6E51C2D8-277B-40B9-8BEE-31168DB965C8}.Debug|Any CPU.Build.0 = Debug|Any CPU
		{6E51C2D8-277B-40B9-8BEE-31168DB965C8}.Release|Any CPU.ActiveCfg = Release|Any CPU
		{6E51C2D8-277B-40B9-8BEE-31168DB965C8}.Release|Any CPU.Build.0 = Release|Any CPU
		{4A844FBA-7BFC-4038-982B-7FBE1E48461E}.Debug|Any CPU.ActiveCfg = Debug|Any CPU
		{4A844FBA-7BFC-4038-982B-7FBE1E48461E}.Debug|Any CPU.Build.0 = Debug|Any CPU
		{4A844FBA-7BFC-4038-982B-7FBE1E48461E}.Release|Any CPU.ActiveCfg = Release|Any CPU
		{4A844FBA-7BFC-4038-982B-7FBE1E48461E}.Release|Any CPU.Build.0 = Release|Any CPU
		{207ADE6A-2718-4179-ADED-3BA617C30F8D}.Debug|Any CPU.ActiveCfg = Debug|Any CPU
		{207ADE6A-2718-4179-ADED-3BA617C30F8D}.Debug|Any CPU.Build.0 = Debug|Any CPU
		{207ADE6A-2718-4179-ADED-3BA617C30F8D}.Release|Any CPU.ActiveCfg = Release|Any CPU
		{207ADE6A-2718-4179-ADED-3BA617C30F8D}.Release|Any CPU.Build.0 = Release|Any CPU
		{C786A02A-9DB6-4858-A445-749B8EE46AAC}.Debug|Any CPU.ActiveCfg = Debug|Any CPU
		{C786A02A-9DB6-4858-A445-749B8EE46AAC}.Debug|Any CPU.Build.0 = Debug|Any CPU
		{C786A02A-9DB6-4858-A445-749B8EE46AAC}.Release|Any CPU.ActiveCfg = Release|Any CPU
		{C786A02A-9DB6-4858-A445-749B8EE46AAC}.Release|Any CPU.Build.0 = Release|Any CPU
		{9C0337FF-4ACA-4148-BC2D-0B7D68204BD3}.Debug|Any CPU.ActiveCfg = Debug|Any CPU
		{9C0337FF-4ACA-4148-BC2D-0B7D68204BD3}.Debug|Any CPU.Build.0 = Debug|Any CPU
		{9C0337FF-4ACA-4148-BC2D-0B7D68204BD3}.Release|Any CPU.ActiveCfg = Release|Any CPU
		{9C0337FF-4ACA-4148-BC2D-0B7D68204BD3}.Release|Any CPU.Build.0 = Release|Any CPU
		{15859152-99A6-49C9-A086-F0C0537E8995}.Debug|Any CPU.ActiveCfg = Debug|Any CPU
		{15859152-99A6-49C9-A086-F0C0537E8995}.Debug|Any CPU.Build.0 = Debug|Any CPU
		{15859152-99A6-49C9-A086-F0C0537E8995}.Release|Any CPU.ActiveCfg = Release|Any CPU
		{15859152-99A6-49C9-A086-F0C0537E8995}.Release|Any CPU.Build.0 = Release|Any CPU
	EndGlobalSection
	GlobalSection(SolutionProperties) = preSolution
		HideSolutionNode = FALSE
	EndGlobalSection
	GlobalSection(NestedProjects) = preSolution
		{6E51C2D8-277B-40B9-8BEE-31168DB965C8} = {0CD6B126-F0B3-4354-ABD9-7951C86AF91C}
		{4A844FBA-7BFC-4038-982B-7FBE1E48461E} = {0CD6B126-F0B3-4354-ABD9-7951C86AF91C}
		{207ADE6A-2718-4179-ADED-3BA617C30F8D} = {0CD6B126-F0B3-4354-ABD9-7951C86AF91C}
		{C786A02A-9DB6-4858-A445-749B8EE46AAC} = {0CD6B126-F0B3-4354-ABD9-7951C86AF91C}
		{9C0337FF-4ACA-4148-BC2D-0B7D68204BD3} = {0CD6B126-F0B3-4354-ABD9-7951C86AF91C}
		{15859152-99A6-49C9-A086-F0C0537E8995} = {0CD6B126-F0B3-4354-ABD9-7951C86AF91C}
	EndGlobalSection
EndGlobal
